{
  "version": 4,
  "terraform_version": "1.7.5",
  "serial": 30,
  "lineage": "18fdd2de-d2ad-ec0c-77cf-98ac9c7c1a3d",
  "outputs": {
    "db_instance_address": {
      "value": "bbc.cfq7dl0cjzmn.us-west-2.rds.amazonaws.com",
      "type": "string"
    },
    "db_instance_arn": {
      "value": "arn:aws:rds:us-west-2:426759707720:db:bbc",
      "type": "string"
    },
    "db_instance_availability_zone": {
      "value": "us-west-2d",
      "type": "string"
    },
    "db_instance_cloudwatch_log_groups": {
      "value": {},
      "type": [
        "object",
        {}
      ]
    },
    "db_instance_endpoint": {
      "value": "bbc.cfq7dl0cjzmn.us-west-2.rds.amazonaws.com:3306",
      "type": "string"
    },
    "db_instance_engine": {
      "value": "mysql",
      "type": "string"
    },
    "db_instance_engine_version_actual": {
      "value": "8.0.35",
      "type": "string"
    },
    "db_instance_hosted_zone_id": {
      "value": "Z1PVIF0B656C1W",
      "type": "string"
    },
    "db_instance_identifier": {
      "value": "bbc",
      "type": "string"
    },
    "db_instance_name": {
      "value": "sample_db",
      "type": "string"
    },
    "db_instance_port": {
      "value": 3306,
      "type": "number"
    },
    "db_instance_resource_id": {
      "value": "db-X7WXGKBZBV7J6HARTLHXJWMFJY",
      "type": "string"
    },
    "db_instance_status": {
      "value": "available",
      "type": "string"
    },
    "db_instance_username": {
      "value": "admin",
      "type": "string",
      "sensitive": true
    },
    "db_parameter_group_arn": {
      "value": "arn:aws:rds:us-west-2:426759707720:pg:bbc-20240411070606909500000002",
      "type": "string"
    },
    "db_parameter_group_id": {
      "value": "bbc-20240411070606909500000002",
      "type": "string"
    }
  },
  "resources": [
    {
      "mode": "data",
      "type": "aws_availability_zones",
      "name": "available",
      "provider": "provider[\"registry.terraform.io/hashicorp/aws\"]",
      "instances": [
        {
          "schema_version": 0,
          "attributes": {
            "all_availability_zones": null,
            "exclude_names": null,
            "exclude_zone_ids": null,
            "filter": null,
            "group_names": [
              "us-west-2"
            ],
            "id": "us-west-2",
            "names": [
              "us-west-2a",
              "us-west-2b",
              "us-west-2c",
              "us-west-2d"
            ],
            "state": null,
            "timeouts": null,
            "zone_ids": [
              "usw2-az1",
              "usw2-az2",
              "usw2-az3",
              "usw2-az4"
            ]
          },
          "sensitive_attributes": []
        }
      ]
    },
    {
      "mode": "data",
      "type": "aws_secretsmanager_secret",
      "name": "password",
      "provider": "provider[\"registry.terraform.io/hashicorp/aws\"]",
      "instances": [
        {
          "schema_version": 0,
          "attributes": {
            "arn": "arn:aws:secretsmanager:us-west-2:426759707720:secret:bbc-db-password-sm-dev-ESWr2W",
            "description": "RDS Admin password",
            "id": "arn:aws:secretsmanager:us-west-2:426759707720:secret:bbc-db-password-sm-dev-ESWr2W",
            "kms_key_id": "",
            "name": "bbc-db-password-sm-dev",
            "policy": "",
            "tags": {}
          },
          "sensitive_attributes": []
        }
      ]
    },
    {
      "mode": "data",
      "type": "aws_secretsmanager_secret_version",
      "name": "password",
      "provider": "provider[\"registry.terraform.io/hashicorp/aws\"]",
      "instances": [
        {
          "schema_version": 0,
          "attributes": {
            "arn": "arn:aws:secretsmanager:us-west-2:426759707720:secret:bbc-db-password-sm-dev-ESWr2W",
            "id": "arn:aws:secretsmanager:us-west-2:426759707720:secret:bbc-db-password-sm-dev-ESWr2W|AWSCURRENT",
            "secret_binary": "",
            "secret_id": "arn:aws:secretsmanager:us-west-2:426759707720:secret:bbc-db-password-sm-dev-ESWr2W",
            "secret_string": "^JYo486^yI",
            "version_id": "terraform-20240411070609274600000004",
            "version_stage": "AWSCURRENT",
            "version_stages": [
              "AWSCURRENT"
            ]
          },
          "sensitive_attributes": []
        }
      ]
    },
    {
      "mode": "managed",
      "type": "aws_secretsmanager_secret",
      "name": "password",
      "provider": "provider[\"registry.terraform.io/hashicorp/aws\"]",
      "instances": [
        {
          "schema_version": 0,
          "attributes": {
            "arn": "arn:aws:secretsmanager:us-west-2:426759707720:secret:bbc-db-password-sm-dev-ESWr2W",
            "description": "RDS Admin password",
            "force_overwrite_replica_secret": false,
            "id": "arn:aws:secretsmanager:us-west-2:426759707720:secret:bbc-db-password-sm-dev-ESWr2W",
            "kms_key_id": "",
            "name": "bbc-db-password-sm-dev",
            "name_prefix": "",
            "policy": "",
            "recovery_window_in_days": 30,
            "replica": [],
            "tags": {},
            "tags_all": {}
          },
          "sensitive_attributes": [],
          "private": "bnVsbA=="
        }
      ]
    },
    {
      "mode": "managed",
      "type": "aws_secretsmanager_secret_version",
      "name": "password",
      "provider": "provider[\"registry.terraform.io/hashicorp/aws\"]",
      "instances": [
        {
          "schema_version": 0,
          "attributes": {
            "arn": "arn:aws:secretsmanager:us-west-2:426759707720:secret:bbc-db-password-sm-dev-ESWr2W",
            "id": "arn:aws:secretsmanager:us-west-2:426759707720:secret:bbc-db-password-sm-dev-ESWr2W|terraform-20240411070609274600000004",
            "secret_binary": "",
            "secret_id": "arn:aws:secretsmanager:us-west-2:426759707720:secret:bbc-db-password-sm-dev-ESWr2W",
            "secret_string": "^JYo486^yI",
            "version_id": "terraform-20240411070609274600000004",
            "version_stages": [
              "AWSCURRENT"
            ]
          },
          "sensitive_attributes": [
            [
              {
                "type": "get_attr",
                "value": "secret_string"
              }
            ]
          ],
          "private": "bnVsbA==",
          "dependencies": [
            "aws_secretsmanager_secret.password",
            "random_password.master"
          ]
        }
      ]
    },
    {
      "mode": "managed",
      "type": "random_password",
      "name": "master",
      "provider": "provider[\"registry.terraform.io/hashicorp/random\"]",
      "instances": [
        {
          "schema_version": 3,
          "attributes": {
            "bcrypt_hash": "$2a$10$YtQu.urSx1vUVytPEeJjLOL7CxXp/PLUYehwLvR6hP50U.6Qmukz2",
            "id": "none",
            "keepers": null,
            "length": 10,
            "lower": true,
            "min_lower": 0,
            "min_numeric": 0,
            "min_special": 0,
            "min_upper": 0,
            "number": true,
            "numeric": true,
            "override_special": "_!%^",
            "result": "^JYo486^yI",
            "special": true,
            "upper": true
          },
          "sensitive_attributes": []
        }
      ]
    },
    {
      "module": "module.db.module.db_instance",
      "mode": "data",
      "type": "aws_iam_policy_document",
      "name": "enhanced_monitoring",
      "provider": "provider[\"registry.terraform.io/hashicorp/aws\"]",
      "instances": [
        {
          "schema_version": 0,
          "attributes": {
            "id": "76086537",
            "json": "{\n  \"Version\": \"2012-10-17\",\n  \"Statement\": [\n    {\n      \"Effect\": \"Allow\",\n      \"Action\": \"sts:AssumeRole\",\n      \"Principal\": {\n        \"Service\": \"monitoring.rds.amazonaws.com\"\n      }\n    }\n  ]\n}",
            "override_policy_documents": null,
            "policy_id": null,
            "source_policy_documents": null,
            "statement": [
              {
                "actions": [
                  "sts:AssumeRole"
                ],
                "condition": [],
                "effect": "Allow",
                "not_actions": [],
                "not_principals": [],
                "not_resources": [],
                "principals": [
                  {
                    "identifiers": [
                      "monitoring.rds.amazonaws.com"
                    ],
                    "type": "Service"
                  }
                ],
                "resources": [],
                "sid": ""
              }
            ],
            "version": "2012-10-17"
          },
          "sensitive_attributes": []
        }
      ]
    },
    {
      "module": "module.db.module.db_instance",
      "mode": "data",
      "type": "aws_partition",
      "name": "current",
      "provider": "provider[\"registry.terraform.io/hashicorp/aws\"]",
      "instances": [
        {
          "schema_version": 0,
          "attributes": {
            "dns_suffix": "amazonaws.com",
            "id": "aws",
            "partition": "aws",
            "reverse_dns_prefix": "com.amazonaws"
          },
          "sensitive_attributes": []
        }
      ]
    },
    {
      "module": "module.db.module.db_instance",
      "mode": "managed",
      "type": "aws_db_instance",
      "name": "this",
      "provider": "provider[\"registry.terraform.io/hashicorp/aws\"]",
      "instances": [
        {
          "index_key": 0,
          "schema_version": 2,
          "attributes": {
            "address": "bbc.cfq7dl0cjzmn.us-west-2.rds.amazonaws.com",
            "allocated_storage": 20,
            "allow_major_version_upgrade": false,
            "apply_immediately": false,
            "arn": "arn:aws:rds:us-west-2:426759707720:db:bbc",
            "auto_minor_version_upgrade": true,
            "availability_zone": "us-west-2d",
            "backup_retention_period": 0,
            "backup_target": "region",
            "backup_window": "12:21-12:51",
            "blue_green_update": [],
            "ca_cert_identifier": "rds-ca-rsa2048-g1",
            "character_set_name": "",
            "copy_tags_to_snapshot": false,
            "custom_iam_instance_profile": "",
            "customer_owned_ip_enabled": false,
            "db_name": "sample_db",
            "db_subnet_group_name": "default",
            "delete_automated_backups": true,
            "deletion_protection": false,
            "domain": "",
            "domain_iam_role_name": "",
            "enabled_cloudwatch_logs_exports": [],
            "endpoint": "bbc.cfq7dl0cjzmn.us-west-2.rds.amazonaws.com:3306",
            "engine": "mysql",
            "engine_version": "8.0",
            "engine_version_actual": "8.0.35",
            "final_snapshot_identifier": "final-bbc-14f04a62",
            "hosted_zone_id": "Z1PVIF0B656C1W",
            "iam_database_authentication_enabled": false,
            "id": "db-X7WXGKBZBV7J6HARTLHXJWMFJY",
            "identifier": "bbc",
            "identifier_prefix": "",
            "instance_class": "db.t3.micro",
            "iops": 0,
            "kms_key_id": "arn:aws:kms:us-west-2:426759707720:key/032ca626-395e-44a4-9c08-432b85c33e40",
            "latest_restorable_time": "",
            "license_model": "general-public-license",
            "listener_endpoint": [],
            "maintenance_window": "sun:08:11-sun:08:41",
            "manage_master_user_password": null,
            "master_user_secret": [],
            "master_user_secret_kms_key_id": null,
            "max_allocated_storage": 100,
            "monitoring_interval": 0,
            "monitoring_role_arn": "",
            "multi_az": false,
            "nchar_character_set_name": "",
            "network_type": "IPV4",
            "option_group_name": "bbc-20240411070606909200000001",
            "parameter_group_name": "bbc-20240411070606909500000002",
            "password": "^JYo486^yI",
            "performance_insights_enabled": false,
            "performance_insights_kms_key_id": "",
            "performance_insights_retention_period": 0,
            "port": 3306,
            "publicly_accessible": true,
            "replica_mode": "",
            "replicas": [],
            "replicate_source_db": "",
            "resource_id": "db-X7WXGKBZBV7J6HARTLHXJWMFJY",
            "restore_to_point_in_time": [],
            "s3_import": [],
            "skip_final_snapshot": false,
            "snapshot_identifier": null,
            "status": "available",
            "storage_encrypted": true,
            "storage_throughput": 0,
            "storage_type": "gp2",
            "tags": {
              "Created_By": "Yagyandatta",
              "Description": "POC on RDS Secret"
            },
            "tags_all": {
              "Created_By": "Yagyandatta",
              "Description": "POC on RDS Secret"
            },
            "timeouts": {
              "create": null,
              "delete": null,
              "update": null
            },
            "timezone": "",
            "username": "admin",
            "vpc_security_group_ids": []
          },
          "sensitive_attributes": [
            [
              {
                "type": "get_attr",
                "value": "password"
              }
            ]
          ],
          "private": "eyJlMmJmYjczMC1lY2FhLTExZTYtOGY4OC0zNDM2M2JjN2M0YzAiOnsiY3JlYXRlIjoyNDAwMDAwMDAwMDAwLCJkZWxldGUiOjM2MDAwMDAwMDAwMDAsInVwZGF0ZSI6NDgwMDAwMDAwMDAwMH0sInNjaGVtYV92ZXJzaW9uIjoiMiJ9",
          "dependencies": [
            "aws_secretsmanager_secret.password",
            "data.aws_secretsmanager_secret.password",
            "data.aws_secretsmanager_secret_version.password",
            "module.db.module.db_instance.aws_cloudwatch_log_group.this",
            "module.db.module.db_instance.aws_iam_role.enhanced_monitoring",
            "module.db.module.db_instance.data.aws_iam_policy_document.enhanced_monitoring",
            "module.db.module.db_instance.random_id.snapshot_identifier",
            "module.db.module.db_option_group.aws_db_option_group.this",
            "module.db.module.db_parameter_group.aws_db_parameter_group.this",
            "module.db.module.db_subnet_group.aws_db_subnet_group.this"
          ]
        }
      ]
    },
    {
      "module": "module.db.module.db_instance",
      "mode": "managed",
      "type": "random_id",
      "name": "snapshot_identifier",
      "provider": "provider[\"registry.terraform.io/hashicorp/random\"]",
      "instances": [
        {
          "index_key": 0,
          "schema_version": 0,
          "attributes": {
            "b64_std": "FPBKYg==",
            "b64_url": "FPBKYg",
            "byte_length": 4,
            "dec": "351292002",
            "hex": "14f04a62",
            "id": "FPBKYg",
            "keepers": {
              "id": "bbc"
            },
            "prefix": null
          },
          "sensitive_attributes": []
        }
      ]
    },
    {
      "module": "module.db.module.db_option_group",
      "mode": "managed",
      "type": "aws_db_option_group",
      "name": "this",
      "provider": "provider[\"registry.terraform.io/hashicorp/aws\"]",
      "instances": [
        {
          "index_key": 0,
          "schema_version": 0,
          "attributes": {
            "arn": "arn:aws:rds:us-west-2:426759707720:og:bbc-20240411070606909200000001",
            "engine_name": "mysql",
            "id": "bbc-20240411070606909200000001",
            "major_engine_version": "8.0",
            "name": "bbc-20240411070606909200000001",
            "name_prefix": "bbc-",
            "option": [],
            "option_group_description": "bbc option group",
            "tags": {
              "Created_By": "Yagyandatta",
              "Description": "POC on RDS Secret",
              "Name": "bbc"
            },
            "tags_all": {
              "Created_By": "Yagyandatta",
              "Description": "POC on RDS Secret",
              "Name": "bbc"
            },
            "timeouts": {
              "delete": null
            }
          },
          "sensitive_attributes": [],
          "private": "eyJlMmJmYjczMC1lY2FhLTExZTYtOGY4OC0zNDM2M2JjN2M0YzAiOnsiZGVsZXRlIjo5MDAwMDAwMDAwMDB9fQ==",
          "create_before_destroy": true
        }
      ]
    },
    {
      "module": "module.db.module.db_parameter_group",
      "mode": "managed",
      "type": "aws_db_parameter_group",
      "name": "this",
      "provider": "provider[\"registry.terraform.io/hashicorp/aws\"]",
      "instances": [
        {
          "index_key": 0,
          "schema_version": 0,
          "attributes": {
            "arn": "arn:aws:rds:us-west-2:426759707720:pg:bbc-20240411070606909500000002",
            "description": "bbc parameter group",
            "family": "mysql8.0",
            "id": "bbc-20240411070606909500000002",
            "name": "bbc-20240411070606909500000002",
            "name_prefix": "bbc-",
            "parameter": [],
            "tags": {
              "Created_By": "Yagyandatta",
              "Description": "POC on RDS Secret",
              "Name": "bbc"
            },
            "tags_all": {
              "Created_By": "Yagyandatta",
              "Description": "POC on RDS Secret",
              "Name": "bbc"
            }
          },
          "sensitive_attributes": [],
          "private": "bnVsbA==",
          "create_before_destroy": true
        }
      ]
    }
  ],
  "check_results": null
}
